<Solution>
  <Folder Name="/vendor/">
    <Project Path="vendor/src/DecisionInference.Abstractions/DecisionInference.Abstractions.csproj" />
    <Project Path="vendor/src/DecisionInference.Onnx/DecisionInference.Onnx.csproj" />
    <Project Path="vendor/src/DecisionInference.Julia/DecisionInference.Julia.csproj" />
  </Folder>
  <Project Path="src/OutcomeRouting/OutcomeRouting.csproj" />
  <Project Path="src/JuliaRouting.Sample/JuliaRouting.Sample.csproj" />
  <Project Path="tests/OutcomeRouting.Tests/OutcomeRouting.Tests.csproj" />
  <Folder Name="/samples/">
    <Project Path="samples/GettingStarted/GettingStarted.csproj" />
    <Project Path="samples/JuliaRouting/JuliaRouting.csproj" />
    <Project Path="samples/OllamaRouting/OllamaRouting.csproj" />
  </Folder>
</Solution>
